{
    "name": "csv-geocoder",
    "version": "0.5.3",
    "dependencies": {
        "ansi-regex": {
            "version": "2.1.1",
            "from": "ansi-regex@>=2.0.0 <3.0.0",
            "resolved": "https://registry.npmjs.org/ansi-regex/-/ansi-regex-2.1.1.tgz"
        },
        "ansi-styles": {
            "version": "2.2.1",
            "from": "ansi-styles@>=2.2.1 <3.0.0",
            "resolved": "https://registry.npmjs.org/ansi-styles/-/ansi-styles-2.2.1.tgz"
        },
        "balanced-match": {
            "version": "0.4.2",
            "from": "balanced-match@>=0.4.1 <0.5.0",
            "resolved": "https://registry.npmjs.org/balanced-match/-/balanced-match-0.4.2.tgz"
        },
        "brace-expansion": {
            "version": "1.1.7",
            "from": "brace-expansion@>=1.1.7 <2.0.0",
            "resolved": "https://registry.npmjs.org/brace-expansion/-/brace-expansion-1.1.7.tgz"
        },
        "chalk": {
            "version": "1.1.3",
            "from": "chalk@1.1.3",
            "resolved": "https://registry.npmjs.org/chalk/-/chalk-1.1.3.tgz"
        },
        "cli": {
            "version": "1.0.1",
            "from": "cli@latest",
            "resolved": "https://registry.npmjs.org/cli/-/cli-1.0.1.tgz"
        },
        "commander": {
            "version": "2.9.0",
            "from": "https://registry.npmjs.org/commander/-/commander-2.9.0.tgz",
            "resolved": "https://registry.npmjs.org/commander/-/commander-2.9.0.tgz"
        },
        "concat-map": {
            "version": "0.0.1",
            "from": "concat-map@0.0.1",
            "resolved": "https://registry.npmjs.org/concat-map/-/concat-map-0.0.1.tgz"
        },
        "d3-dsv": {
            "version": "1.0.5",
            "from": "d3-dsv@>=1.0.5 <2.0.0",
            "resolved": "https://registry.npmjs.org/d3-dsv/-/d3-dsv-1.0.5.tgz"
        },
        "dotenv": {
            "version": "4.0.0",
            "from": "dotenv@latest",
            "resolved": "https://registry.npmjs.org/dotenv/-/dotenv-4.0.0.tgz"
        },
        "escape-string-regexp": {
            "version": "1.0.5",
            "from": "escape-string-regexp@>=1.0.2 <2.0.0",
            "resolved": "https://registry.npmjs.org/escape-string-regexp/-/escape-string-regexp-1.0.5.tgz"
        },
        "exit": {
            "version": "0.1.2",
            "from": "exit@0.1.2",
            "resolved": "https://registry.npmjs.org/exit/-/exit-0.1.2.tgz"
        },
        "fs.realpath": {
            "version": "1.0.0",
            "from": "fs.realpath@>=1.0.0 <2.0.0",
            "resolved": "https://registry.npmjs.org/fs.realpath/-/fs.realpath-1.0.0.tgz"
        },
        "glob": {
            "version": "7.1.1",
            "from": "glob@>=7.1.1 <8.0.0",
            "resolved": "https://registry.npmjs.org/glob/-/glob-7.1.1.tgz"
        },
        "graceful-readlink": {
            "version": "1.0.1",
            "from": "graceful-readlink@>=1.0.0",
            "resolved": "https://registry.npmjs.org/graceful-readlink/-/graceful-readlink-1.0.1.tgz"
        },
        "has-ansi": {
            "version": "2.0.0",
            "from": "has-ansi@>=2.0.0 <3.0.0",
            "resolved": "https://registry.npmjs.org/has-ansi/-/has-ansi-2.0.0.tgz"
        },
        "iconv-lite": {
            "version": "0.4.17",
            "from": "iconv-lite@>=0.4.0 <0.5.0",
            "resolved": "https://registry.npmjs.org/iconv-lite/-/iconv-lite-0.4.17.tgz"
        },
        "inflight": {
            "version": "1.0.6",
            "from": "inflight@>=1.0.4 <2.0.0",
            "resolved": "https://registry.npmjs.org/inflight/-/inflight-1.0.6.tgz"
        },
        "inherits": {
            "version": "2.0.3",
            "from": "inherits@>=2.0.0 <3.0.0",
            "resolved": "https://registry.npmjs.org/inherits/-/inherits-2.0.3.tgz"
        },
        "minimatch": {
            "version": "3.0.4",
            "from": "minimatch@>=3.0.2 <4.0.0",
            "resolved": "https://registry.npmjs.org/minimatch/-/minimatch-3.0.4.tgz"
        },
        "once": {
            "version": "1.4.0",
            "from": "once@>=1.3.0 <2.0.0",
            "resolved": "https://registry.npmjs.org/once/-/once-1.4.0.tgz"
        },
        "path-is-absolute": {
            "version": "1.0.1",
            "from": "path-is-absolute@>=1.0.0 <2.0.0",
            "resolved": "https://registry.npmjs.org/path-is-absolute/-/path-is-absolute-1.0.1.tgz"
        },
        "rw": {
            "version": "1.3.3",
            "from": "rw@>=1.0.0 <2.0.0",
            "resolved": "https://registry.npmjs.org/rw/-/rw-1.3.3.tgz"
        },
        "strip-ansi": {
            "version": "3.0.1",
            "from": "strip-ansi@>=3.0.0 <4.0.0",
            "resolved": "https://registry.npmjs.org/strip-ansi/-/strip-ansi-3.0.1.tgz"
        },
        "supports-color": {
            "version": "2.0.0",
            "from": "supports-color@>=2.0.0 <3.0.0",
            "resolved": "https://registry.npmjs.org/supports-color/-/supports-color-2.0.0.tgz"
        },
        "wrappy": {
            "version": "1.0.2",
            "from": "wrappy@>=1.0.0 <2.0.0",
            "resolved": "https://registry.npmjs.org/wrappy/-/wrappy-1.0.2.tgz"
        }
    }
}
